
Microsoft Visual Studio Solution File, Format Version 12.00
# Visual Studio Version 17
VisualStudioVersion = 17.0.32014.148
MinimumVisualStudioVersion = 10.0.40219.1
Project("{8BC9CEB8-8B4A-11D0-8D11-00A0C91BC942}") = "authman", "authman\authman.vcxproj", "{E36611B0-C961-4B0C-BE4D-BD44B4F76CA6}"
EndProject
Project("{8BC9CEB8-8B4A-11D0-8D11-00A0C91BC942}") = "AsyncThreadPool", "AsyncThreadPool\AsyncThreadPool.vcxproj", "{39F911F8-5932-4CD8-81DB-AC8063A03FB3}"
EndProject
Project("{8BC9CEB8-8B4A-11D0-8D11-00A0C91BC942}") = "processmon", "processmon\processmon.vcxproj", "{7E1527DF-B80F-4FB1-A9BC-E76CC6CC0014}"
EndProject
Project("{8BC9CEB8-8B4A-11D0-8D11-00A0C91BC942}") = "udplogd", "udplogd\udplogd.vcxproj", "{1C3D30D1-530E-4AF3-83F3-919D512FC44B}"
EndProject
Project("{8BC9CEB8-8B4A-11D0-8D11-00A0C91BC942}") = "setupdtmf", "setupdtmf\setupdtmf.vcxproj", "{6BFFA30F-2958-4FE2-B4A6-0E249DE70C46}"
EndProject
Project("{8BC9CEB8-8B4A-11D0-8D11-00A0C91BC942}") = "tst", "tst\tst.vcxproj", "{717EE31D-67A2-41B3-B3A5-FBFAD8245AE3}"
EndProject
Project("{8BC9CEB8-8B4A-11D0-8D11-00A0C91BC942}") = "amidtmf2", "amidtmf2\amidtmf2.vcxproj", "{0867DC3C-09F2-4518-9F29-E1A6862C4C7D}"
EndProject
Project("{8BC9CEB8-8B4A-11D0-8D11-00A0C91BC942}") = "amiweb", "amiweb\amiweb.vcxproj", "{3B6FA380-B1E0-4E26-B684-0E1531EB0E43}"
EndProject
Global
	GlobalSection(SolutionConfigurationPlatforms) = preSolution
		Debug|ARM = Debug|ARM
		Debug|ARM64 = Debug|ARM64
		Debug|x64 = Debug|x64
		Debug|x86 = Debug|x86
		Release|ARM = Release|ARM
		Release|ARM64 = Release|ARM64
		Release|x64 = Release|x64
		Release|x86 = Release|x86
	EndGlobalSection
	GlobalSection(ProjectConfigurationPlatforms) = postSolution
		{E36611B0-C961-4B0C-BE4D-BD44B4F76CA6}.Debug|ARM.ActiveCfg = Debug|ARM
		{E36611B0-C961-4B0C-BE4D-BD44B4F76CA6}.Debug|ARM.Build.0 = Debug|ARM
		{E36611B0-C961-4B0C-BE4D-BD44B4F76CA6}.Debug|ARM.Deploy.0 = Debug|ARM
		{E36611B0-C961-4B0C-BE4D-BD44B4F76CA6}.Debug|ARM64.ActiveCfg = Debug|ARM64
		{E36611B0-C961-4B0C-BE4D-BD44B4F76CA6}.Debug|ARM64.Build.0 = Debug|ARM64
		{E36611B0-C961-4B0C-BE4D-BD44B4F76CA6}.Debug|ARM64.Deploy.0 = Debug|ARM64
		{E36611B0-C961-4B0C-BE4D-BD44B4F76CA6}.Debug|x64.ActiveCfg = Debug|x64
		{E36611B0-C961-4B0C-BE4D-BD44B4F76CA6}.Debug|x64.Build.0 = Debug|x64
		{E36611B0-C961-4B0C-BE4D-BD44B4F76CA6}.Debug|x64.Deploy.0 = Debug|x64
		{E36611B0-C961-4B0C-BE4D-BD44B4F76CA6}.Debug|x86.ActiveCfg = Debug|x86
		{E36611B0-C961-4B0C-BE4D-BD44B4F76CA6}.Debug|x86.Build.0 = Debug|x86
		{E36611B0-C961-4B0C-BE4D-BD44B4F76CA6}.Debug|x86.Deploy.0 = Debug|x86
		{E36611B0-C961-4B0C-BE4D-BD44B4F76CA6}.Release|ARM.ActiveCfg = Release|ARM
		{E36611B0-C961-4B0C-BE4D-BD44B4F76CA6}.Release|ARM.Build.0 = Release|ARM
		{E36611B0-C961-4B0C-BE4D-BD44B4F76CA6}.Release|ARM.Deploy.0 = Release|ARM
		{E36611B0-C961-4B0C-BE4D-BD44B4F76CA6}.Release|ARM64.ActiveCfg = Release|ARM64
		{E36611B0-C961-4B0C-BE4D-BD44B4F76CA6}.Release|ARM64.Build.0 = Release|ARM64
		{E36611B0-C961-4B0C-BE4D-BD44B4F76CA6}.Release|ARM64.Deploy.0 = Release|ARM64
		{E36611B0-C961-4B0C-BE4D-BD44B4F76CA6}.Release|x64.ActiveCfg = Release|x64
		{E36611B0-C961-4B0C-BE4D-BD44B4F76CA6}.Release|x64.Build.0 = Release|x64
		{E36611B0-C961-4B0C-BE4D-BD44B4F76CA6}.Release|x64.Deploy.0 = Release|x64
		{E36611B0-C961-4B0C-BE4D-BD44B4F76CA6}.Release|x86.ActiveCfg = Release|x86
		{E36611B0-C961-4B0C-BE4D-BD44B4F76CA6}.Release|x86.Build.0 = Release|x86
		{E36611B0-C961-4B0C-BE4D-BD44B4F76CA6}.Release|x86.Deploy.0 = Release|x86
		{39F911F8-5932-4CD8-81DB-AC8063A03FB3}.Debug|ARM.ActiveCfg = Debug|ARM
		{39F911F8-5932-4CD8-81DB-AC8063A03FB3}.Debug|ARM.Build.0 = Debug|ARM
		{39F911F8-5932-4CD8-81DB-AC8063A03FB3}.Debug|ARM.Deploy.0 = Debug|ARM
		{39F911F8-5932-4CD8-81DB-AC8063A03FB3}.Debug|ARM64.ActiveCfg = Debug|ARM64
		{39F911F8-5932-4CD8-81DB-AC8063A03FB3}.Debug|ARM64.Build.0 = Debug|ARM64
		{39F911F8-5932-4CD8-81DB-AC8063A03FB3}.Debug|ARM64.Deploy.0 = Debug|ARM64
		{39F911F8-5932-4CD8-81DB-AC8063A03FB3}.Debug|x64.ActiveCfg = Debug|x64
		{39F911F8-5932-4CD8-81DB-AC8063A03FB3}.Debug|x64.Build.0 = Debug|x64
		{39F911F8-5932-4CD8-81DB-AC8063A03FB3}.Debug|x64.Deploy.0 = Debug|x64
		{39F911F8-5932-4CD8-81DB-AC8063A03FB3}.Debug|x86.ActiveCfg = Debug|x86
		{39F911F8-5932-4CD8-81DB-AC8063A03FB3}.Debug|x86.Build.0 = Debug|x86
		{39F911F8-5932-4CD8-81DB-AC8063A03FB3}.Debug|x86.Deploy.0 = Debug|x86
		{39F911F8-5932-4CD8-81DB-AC8063A03FB3}.Release|ARM.ActiveCfg = Release|ARM
		{39F911F8-5932-4CD8-81DB-AC8063A03FB3}.Release|ARM.Build.0 = Release|ARM
		{39F911F8-5932-4CD8-81DB-AC8063A03FB3}.Release|ARM.Deploy.0 = Release|ARM
		{39F911F8-5932-4CD8-81DB-AC8063A03FB3}.Release|ARM64.ActiveCfg = Release|ARM64
		{39F911F8-5932-4CD8-81DB-AC8063A03FB3}.Release|ARM64.Build.0 = Release|ARM64
		{39F911F8-5932-4CD8-81DB-AC8063A03FB3}.Release|ARM64.Deploy.0 = Release|ARM64
		{39F911F8-5932-4CD8-81DB-AC8063A03FB3}.Release|x64.ActiveCfg = Release|x64
		{39F911F8-5932-4CD8-81DB-AC8063A03FB3}.Release|x64.Build.0 = Release|x64
		{39F911F8-5932-4CD8-81DB-AC8063A03FB3}.Release|x64.Deploy.0 = Release|x64
		{39F911F8-5932-4CD8-81DB-AC8063A03FB3}.Release|x86.ActiveCfg = Release|x86
		{39F911F8-5932-4CD8-81DB-AC8063A03FB3}.Release|x86.Build.0 = Release|x86
		{39F911F8-5932-4CD8-81DB-AC8063A03FB3}.Release|x86.Deploy.0 = Release|x86
		{7E1527DF-B80F-4FB1-A9BC-E76CC6CC0014}.Debug|ARM.ActiveCfg = Debug|ARM
		{7E1527DF-B80F-4FB1-A9BC-E76CC6CC0014}.Debug|ARM.Build.0 = Debug|ARM
		{7E1527DF-B80F-4FB1-A9BC-E76CC6CC0014}.Debug|ARM.Deploy.0 = Debug|ARM
		{7E1527DF-B80F-4FB1-A9BC-E76CC6CC0014}.Debug|ARM64.ActiveCfg = Debug|ARM64
		{7E1527DF-B80F-4FB1-A9BC-E76CC6CC0014}.Debug|ARM64.Build.0 = Debug|ARM64
		{7E1527DF-B80F-4FB1-A9BC-E76CC6CC0014}.Debug|ARM64.Deploy.0 = Debug|ARM64
		{7E1527DF-B80F-4FB1-A9BC-E76CC6CC0014}.Debug|x64.ActiveCfg = Debug|x64
		{7E1527DF-B80F-4FB1-A9BC-E76CC6CC0014}.Debug|x64.Build.0 = Debug|x64
		{7E1527DF-B80F-4FB1-A9BC-E76CC6CC0014}.Debug|x64.Deploy.0 = Debug|x64
		{7E1527DF-B80F-4FB1-A9BC-E76CC6CC0014}.Debug|x86.ActiveCfg = Debug|x86
		{7E1527DF-B80F-4FB1-A9BC-E76CC6CC0014}.Debug|x86.Build.0 = Debug|x86
		{7E1527DF-B80F-4FB1-A9BC-E76CC6CC0014}.Debug|x86.Deploy.0 = Debug|x86
		{7E1527DF-B80F-4FB1-A9BC-E76CC6CC0014}.Release|ARM.ActiveCfg = Release|ARM
		{7E1527DF-B80F-4FB1-A9BC-E76CC6CC0014}.Release|ARM.Build.0 = Release|ARM
		{7E1527DF-B80F-4FB1-A9BC-E76CC6CC0014}.Release|ARM.Deploy.0 = Release|ARM
		{7E1527DF-B80F-4FB1-A9BC-E76CC6CC0014}.Release|ARM64.ActiveCfg = Release|ARM64
		{7E1527DF-B80F-4FB1-A9BC-E76CC6CC0014}.Release|ARM64.Build.0 = Release|ARM64
		{7E1527DF-B80F-4FB1-A9BC-E76CC6CC0014}.Release|ARM64.Deploy.0 = Release|ARM64
		{7E1527DF-B80F-4FB1-A9BC-E76CC6CC0014}.Release|x64.ActiveCfg = Release|x64
		{7E1527DF-B80F-4FB1-A9BC-E76CC6CC0014}.Release|x64.Build.0 = Release|x64
		{7E1527DF-B80F-4FB1-A9BC-E76CC6CC0014}.Release|x64.Deploy.0 = Release|x64
		{7E1527DF-B80F-4FB1-A9BC-E76CC6CC0014}.Release|x86.ActiveCfg = Release|x86
		{7E1527DF-B80F-4FB1-A9BC-E76CC6CC0014}.Release|x86.Build.0 = Release|x86
		{7E1527DF-B80F-4FB1-A9BC-E76CC6CC0014}.Release|x86.Deploy.0 = Release|x86
		{1C3D30D1-530E-4AF3-83F3-919D512FC44B}.Debug|ARM.ActiveCfg = Debug|ARM
		{1C3D30D1-530E-4AF3-83F3-919D512FC44B}.Debug|ARM.Build.0 = Debug|ARM
		{1C3D30D1-530E-4AF3-83F3-919D512FC44B}.Debug|ARM.Deploy.0 = Debug|ARM
		{1C3D30D1-530E-4AF3-83F3-919D512FC44B}.Debug|ARM64.ActiveCfg = Debug|ARM64
		{1C3D30D1-530E-4AF3-83F3-919D512FC44B}.Debug|ARM64.Build.0 = Debug|ARM64
		{1C3D30D1-530E-4AF3-83F3-919D512FC44B}.Debug|ARM64.Deploy.0 = Debug|ARM64
		{1C3D30D1-530E-4AF3-83F3-919D512FC44B}.Debug|x64.ActiveCfg = Debug|x64
		{1C3D30D1-530E-4AF3-83F3-919D512FC44B}.Debug|x64.Build.0 = Debug|x64
		{1C3D30D1-530E-4AF3-83F3-919D512FC44B}.Debug|x64.Deploy.0 = Debug|x64
		{1C3D30D1-530E-4AF3-83F3-919D512FC44B}.Debug|x86.ActiveCfg = Debug|x86
		{1C3D30D1-530E-4AF3-83F3-919D512FC44B}.Debug|x86.Build.0 = Debug|x86
		{1C3D30D1-530E-4AF3-83F3-919D512FC44B}.Debug|x86.Deploy.0 = Debug|x86
		{1C3D30D1-530E-4AF3-83F3-919D512FC44B}.Release|ARM.ActiveCfg = Release|ARM
		{1C3D30D1-530E-4AF3-83F3-919D512FC44B}.Release|ARM.Build.0 = Release|ARM
		{1C3D30D1-530E-4AF3-83F3-919D512FC44B}.Release|ARM.Deploy.0 = Release|ARM
		{1C3D30D1-530E-4AF3-83F3-919D512FC44B}.Release|ARM64.ActiveCfg = Release|ARM64
		{1C3D30D1-530E-4AF3-83F3-919D512FC44B}.Release|ARM64.Build.0 = Release|ARM64
		{1C3D30D1-530E-4AF3-83F3-919D512FC44B}.Release|ARM64.Deploy.0 = Release|ARM64
		{1C3D30D1-530E-4AF3-83F3-919D512FC44B}.Release|x64.ActiveCfg = Release|x64
		{1C3D30D1-530E-4AF3-83F3-919D512FC44B}.Release|x64.Build.0 = Release|x64
		{1C3D30D1-530E-4AF3-83F3-919D512FC44B}.Release|x64.Deploy.0 = Release|x64
		{1C3D30D1-530E-4AF3-83F3-919D512FC44B}.Release|x86.ActiveCfg = Release|x86
		{1C3D30D1-530E-4AF3-83F3-919D512FC44B}.Release|x86.Build.0 = Release|x86
		{1C3D30D1-530E-4AF3-83F3-919D512FC44B}.Release|x86.Deploy.0 = Release|x86
		{6BFFA30F-2958-4FE2-B4A6-0E249DE70C46}.Debug|ARM.ActiveCfg = Debug|ARM
		{6BFFA30F-2958-4FE2-B4A6-0E249DE70C46}.Debug|ARM.Build.0 = Debug|ARM
		{6BFFA30F-2958-4FE2-B4A6-0E249DE70C46}.Debug|ARM.Deploy.0 = Debug|ARM
		{6BFFA30F-2958-4FE2-B4A6-0E249DE70C46}.Debug|ARM64.ActiveCfg = Debug|ARM64
		{6BFFA30F-2958-4FE2-B4A6-0E249DE70C46}.Debug|ARM64.Build.0 = Debug|ARM64
		{6BFFA30F-2958-4FE2-B4A6-0E249DE70C46}.Debug|ARM64.Deploy.0 = Debug|ARM64
		{6BFFA30F-2958-4FE2-B4A6-0E249DE70C46}.Debug|x64.ActiveCfg = Debug|x64
		{6BFFA30F-2958-4FE2-B4A6-0E249DE70C46}.Debug|x64.Build.0 = Debug|x64
		{6BFFA30F-2958-4FE2-B4A6-0E249DE70C46}.Debug|x64.Deploy.0 = Debug|x64
		{6BFFA30F-2958-4FE2-B4A6-0E249DE70C46}.Debug|x86.ActiveCfg = Debug|x86
		{6BFFA30F-2958-4FE2-B4A6-0E249DE70C46}.Debug|x86.Build.0 = Debug|x86
		{6BFFA30F-2958-4FE2-B4A6-0E249DE70C46}.Debug|x86.Deploy.0 = Debug|x86
		{6BFFA30F-2958-4FE2-B4A6-0E249DE70C46}.Release|ARM.ActiveCfg = Release|ARM
		{6BFFA30F-2958-4FE2-B4A6-0E249DE70C46}.Release|ARM.Build.0 = Release|ARM
		{6BFFA30F-2958-4FE2-B4A6-0E249DE70C46}.Release|ARM.Deploy.0 = Release|ARM
		{6BFFA30F-2958-4FE2-B4A6-0E249DE70C46}.Release|ARM64.ActiveCfg = Release|ARM64
		{6BFFA30F-2958-4FE2-B4A6-0E249DE70C46}.Release|ARM64.Build.0 = Release|ARM64
		{6BFFA30F-2958-4FE2-B4A6-0E249DE70C46}.Release|ARM64.Deploy.0 = Release|ARM64
		{6BFFA30F-2958-4FE2-B4A6-0E249DE70C46}.Release|x64.ActiveCfg = Release|x64
		{6BFFA30F-2958-4FE2-B4A6-0E249DE70C46}.Release|x64.Build.0 = Release|x64
		{6BFFA30F-2958-4FE2-B4A6-0E249DE70C46}.Release|x64.Deploy.0 = Release|x64
		{6BFFA30F-2958-4FE2-B4A6-0E249DE70C46}.Release|x86.ActiveCfg = Release|x86
		{6BFFA30F-2958-4FE2-B4A6-0E249DE70C46}.Release|x86.Build.0 = Release|x86
		{6BFFA30F-2958-4FE2-B4A6-0E249DE70C46}.Release|x86.Deploy.0 = Release|x86
		{717EE31D-67A2-41B3-B3A5-FBFAD8245AE3}.Debug|ARM.ActiveCfg = Debug|ARM
		{717EE31D-67A2-41B3-B3A5-FBFAD8245AE3}.Debug|ARM.Build.0 = Debug|ARM
		{717EE31D-67A2-41B3-B3A5-FBFAD8245AE3}.Debug|ARM.Deploy.0 = Debug|ARM
		{717EE31D-67A2-41B3-B3A5-FBFAD8245AE3}.Debug|ARM64.ActiveCfg = Debug|ARM64
		{717EE31D-67A2-41B3-B3A5-FBFAD8245AE3}.Debug|ARM64.Build.0 = Debug|ARM64
		{717EE31D-67A2-41B3-B3A5-FBFAD8245AE3}.Debug|ARM64.Deploy.0 = Debug|ARM64
		{717EE31D-67A2-41B3-B3A5-FBFAD8245AE3}.Debug|x64.ActiveCfg = Debug|x64
		{717EE31D-67A2-41B3-B3A5-FBFAD8245AE3}.Debug|x64.Build.0 = Debug|x64
		{717EE31D-67A2-41B3-B3A5-FBFAD8245AE3}.Debug|x64.Deploy.0 = Debug|x64
		{717EE31D-67A2-41B3-B3A5-FBFAD8245AE3}.Debug|x86.ActiveCfg = Debug|x86
		{717EE31D-67A2-41B3-B3A5-FBFAD8245AE3}.Debug|x86.Build.0 = Debug|x86
		{717EE31D-67A2-41B3-B3A5-FBFAD8245AE3}.Debug|x86.Deploy.0 = Debug|x86
		{717EE31D-67A2-41B3-B3A5-FBFAD8245AE3}.Release|ARM.ActiveCfg = Release|ARM
		{717EE31D-67A2-41B3-B3A5-FBFAD8245AE3}.Release|ARM.Build.0 = Release|ARM
		{717EE31D-67A2-41B3-B3A5-FBFAD8245AE3}.Release|ARM.Deploy.0 = Release|ARM
		{717EE31D-67A2-41B3-B3A5-FBFAD8245AE3}.Release|ARM64.ActiveCfg = Release|ARM64
		{717EE31D-67A2-41B3-B3A5-FBFAD8245AE3}.Release|ARM64.Build.0 = Release|ARM64
		{717EE31D-67A2-41B3-B3A5-FBFAD8245AE3}.Release|ARM64.Deploy.0 = Release|ARM64
		{717EE31D-67A2-41B3-B3A5-FBFAD8245AE3}.Release|x64.ActiveCfg = Release|x64
		{717EE31D-67A2-41B3-B3A5-FBFAD8245AE3}.Release|x64.Build.0 = Release|x64
		{717EE31D-67A2-41B3-B3A5-FBFAD8245AE3}.Release|x64.Deploy.0 = Release|x64
		{717EE31D-67A2-41B3-B3A5-FBFAD8245AE3}.Release|x86.ActiveCfg = Release|x86
		{717EE31D-67A2-41B3-B3A5-FBFAD8245AE3}.Release|x86.Build.0 = Release|x86
		{717EE31D-67A2-41B3-B3A5-FBFAD8245AE3}.Release|x86.Deploy.0 = Release|x86
		{0867DC3C-09F2-4518-9F29-E1A6862C4C7D}.Debug|ARM.ActiveCfg = Debug|ARM
		{0867DC3C-09F2-4518-9F29-E1A6862C4C7D}.Debug|ARM.Build.0 = Debug|ARM
		{0867DC3C-09F2-4518-9F29-E1A6862C4C7D}.Debug|ARM.Deploy.0 = Debug|ARM
		{0867DC3C-09F2-4518-9F29-E1A6862C4C7D}.Debug|ARM64.ActiveCfg = Debug|ARM64
		{0867DC3C-09F2-4518-9F29-E1A6862C4C7D}.Debug|ARM64.Build.0 = Debug|ARM64
		{0867DC3C-09F2-4518-9F29-E1A6862C4C7D}.Debug|ARM64.Deploy.0 = Debug|ARM64
		{0867DC3C-09F2-4518-9F29-E1A6862C4C7D}.Debug|x64.ActiveCfg = Debug|x64
		{0867DC3C-09F2-4518-9F29-E1A6862C4C7D}.Debug|x64.Build.0 = Debug|x64
		{0867DC3C-09F2-4518-9F29-E1A6862C4C7D}.Debug|x64.Deploy.0 = Debug|x64
		{0867DC3C-09F2-4518-9F29-E1A6862C4C7D}.Debug|x86.ActiveCfg = Debug|x86
		{0867DC3C-09F2-4518-9F29-E1A6862C4C7D}.Debug|x86.Build.0 = Debug|x86
		{0867DC3C-09F2-4518-9F29-E1A6862C4C7D}.Debug|x86.Deploy.0 = Debug|x86
		{0867DC3C-09F2-4518-9F29-E1A6862C4C7D}.Release|ARM.ActiveCfg = Release|ARM
		{0867DC3C-09F2-4518-9F29-E1A6862C4C7D}.Release|ARM.Build.0 = Release|ARM
		{0867DC3C-09F2-4518-9F29-E1A6862C4C7D}.Release|ARM.Deploy.0 = Release|ARM
		{0867DC3C-09F2-4518-9F29-E1A6862C4C7D}.Release|ARM64.ActiveCfg = Release|ARM64
		{0867DC3C-09F2-4518-9F29-E1A6862C4C7D}.Release|ARM64.Build.0 = Release|ARM64
		{0867DC3C-09F2-4518-9F29-E1A6862C4C7D}.Release|ARM64.Deploy.0 = Release|ARM64
		{0867DC3C-09F2-4518-9F29-E1A6862C4C7D}.Release|x64.ActiveCfg = Release|x64
		{0867DC3C-09F2-4518-9F29-E1A6862C4C7D}.Release|x64.Build.0 = Release|x64
		{0867DC3C-09F2-4518-9F29-E1A6862C4C7D}.Release|x64.Deploy.0 = Release|x64
		{0867DC3C-09F2-4518-9F29-E1A6862C4C7D}.Release|x86.ActiveCfg = Release|x86
		{0867DC3C-09F2-4518-9F29-E1A6862C4C7D}.Release|x86.Build.0 = Release|x86
		{0867DC3C-09F2-4518-9F29-E1A6862C4C7D}.Release|x86.Deploy.0 = Release|x86
		{3B6FA380-B1E0-4E26-B684-0E1531EB0E43}.Debug|ARM.ActiveCfg = Debug|ARM
		{3B6FA380-B1E0-4E26-B684-0E1531EB0E43}.Debug|ARM.Build.0 = Debug|ARM
		{3B6FA380-B1E0-4E26-B684-0E1531EB0E43}.Debug|ARM.Deploy.0 = Debug|ARM
		{3B6FA380-B1E0-4E26-B684-0E1531EB0E43}.Debug|ARM64.ActiveCfg = Debug|ARM64
		{3B6FA380-B1E0-4E26-B684-0E1531EB0E43}.Debug|ARM64.Build.0 = Debug|ARM64
		{3B6FA380-B1E0-4E26-B684-0E1531EB0E43}.Debug|ARM64.Deploy.0 = Debug|ARM64
		{3B6FA380-B1E0-4E26-B684-0E1531EB0E43}.Debug|x64.ActiveCfg = Debug|x64
		{3B6FA380-B1E0-4E26-B684-0E1531EB0E43}.Debug|x64.Build.0 = Debug|x64
		{3B6FA380-B1E0-4E26-B684-0E1531EB0E43}.Debug|x64.Deploy.0 = Debug|x64
		{3B6FA380-B1E0-4E26-B684-0E1531EB0E43}.Debug|x86.ActiveCfg = Debug|x86
		{3B6FA380-B1E0-4E26-B684-0E1531EB0E43}.Debug|x86.Build.0 = Debug|x86
		{3B6FA380-B1E0-4E26-B684-0E1531EB0E43}.Debug|x86.Deploy.0 = Debug|x86
		{3B6FA380-B1E0-4E26-B684-0E1531EB0E43}.Release|ARM.ActiveCfg = Release|ARM
		{3B6FA380-B1E0-4E26-B684-0E1531EB0E43}.Release|ARM.Build.0 = Release|ARM
		{3B6FA380-B1E0-4E26-B684-0E1531EB0E43}.Release|ARM.Deploy.0 = Release|ARM
		{3B6FA380-B1E0-4E26-B684-0E1531EB0E43}.Release|ARM64.ActiveCfg = Release|ARM64
		{3B6FA380-B1E0-4E26-B684-0E1531EB0E43}.Release|ARM64.Build.0 = Release|ARM64
		{3B6FA380-B1E0-4E26-B684-0E1531EB0E43}.Release|ARM64.Deploy.0 = Release|ARM64
		{3B6FA380-B1E0-4E26-B684-0E1531EB0E43}.Release|x64.ActiveCfg = Release|x64
		{3B6FA380-B1E0-4E26-B684-0E1531EB0E43}.Release|x64.Build.0 = Release|x64
		{3B6FA380-B1E0-4E26-B684-0E1531EB0E43}.Release|x64.Deploy.0 = Release|x64
		{3B6FA380-B1E0-4E26-B684-0E1531EB0E43}.Release|x86.ActiveCfg = Release|x86
		{3B6FA380-B1E0-4E26-B684-0E1531EB0E43}.Release|x86.Build.0 = Release|x86
		{3B6FA380-B1E0-4E26-B684-0E1531EB0E43}.Release|x86.Deploy.0 = Release|x86
	EndGlobalSection
	GlobalSection(SolutionProperties) = preSolution
		HideSolutionNode = FALSE
	EndGlobalSection
	GlobalSection(ExtensibilityGlobals) = postSolution
		SolutionGuid = {1955B5F0-DAE3-465D-9377-65327C08D1D5}
	EndGlobalSection
EndGlobal
